
Microsoft Visual Studio Solution File, Format Version 12.00
# Visual Studio 15
VisualStudioVersion = 15.0.26730.12
MinimumVisualStudioVersion = 10.0.40219.1
Project("{9A19103F-16F7-4668-BE54-9A1E7A4F7556}") = "Neptune", "Neptune\Neptune.csproj", "{4493840F-CA08-4C25-8205-54ACF90F900A}"
EndProject
Project("{2150E333-8FDC-42A3-9474-1A3956D46DE8}") = "tests", "tests", "{94D8EBA2-71C6-4029-AA14-498C6ECEC5A8}"
EndProject
Project("{2150E333-8FDC-42A3-9474-1A3956D46DE8}") = "examples", "examples", "{E93A9B3D-1847-4035-8F18-1B8C4A8A82E9}"
EndProject
Project("{9A19103F-16F7-4668-BE54-9A1E7A4F7556}") = "Neptune.Examples.DataFrameOperators", "examples\Neptune.Examples.DataFrameOperations\Neptune.Examples.DataFrameOperators.csproj", "{66C9C4CF-D1C6-4CB8-BDFE-668B18F1AF18}"
EndProject
Project("{9A19103F-16F7-4668-BE54-9A1E7A4F7556}") = "Neptune.Examples.ReadCsv", "examples\Neptune.Examples.ReadCsv\Neptune.Examples.ReadCsv.csproj", "{D1E27A92-D3A3-4E88-AD24-1A748640B8A5}"
EndProject
Project("{9A19103F-16F7-4668-BE54-9A1E7A4F7556}") = "Neptune.Tests", "tests\Neptune.Tests\Neptune.Tests.csproj", "{CE2A5F8F-C17A-43EE-AD58-2640BFC8A9D8}"
EndProject
Project("{9A19103F-16F7-4668-BE54-9A1E7A4F7556}") = "Neptune.Examples.DataFrameIndexers", "examples\Neptune.Examples.DataFrameIndexers\Neptune.Examples.DataFrameIndexers.csproj", "{DCE2AD24-68B2-41B5-B76D-437D76DF52AB}"
EndProject
Project("{FAE04EC0-301F-11D3-BF4B-00C04F79EFBC}") = "Neptune.Examples.DataFrameLocAndILoc", "Neptune.Examples.DataFrameLocAndILoc\Neptune.Examples.DataFrameLocAndILoc.csproj", "{ECCF8698-7710-45BC-ABF6-26094143EC60}"
EndProject
Global
	GlobalSection(SolutionConfigurationPlatforms) = preSolution
		Debug|Any CPU = Debug|Any CPU
		Release|Any CPU = Release|Any CPU
	EndGlobalSection
	GlobalSection(ProjectConfigurationPlatforms) = postSolution
		{4493840F-CA08-4C25-8205-54ACF90F900A}.Debug|Any CPU.ActiveCfg = Debug|Any CPU
		{4493840F-CA08-4C25-8205-54ACF90F900A}.Debug|Any CPU.Build.0 = Debug|Any CPU
		{4493840F-CA08-4C25-8205-54ACF90F900A}.Release|Any CPU.ActiveCfg = Release|Any CPU
		{4493840F-CA08-4C25-8205-54ACF90F900A}.Release|Any CPU.Build.0 = Release|Any CPU
		{66C9C4CF-D1C6-4CB8-BDFE-668B18F1AF18}.Debug|Any CPU.ActiveCfg = Debug|Any CPU
		{66C9C4CF-D1C6-4CB8-BDFE-668B18F1AF18}.Debug|Any CPU.Build.0 = Debug|Any CPU
		{66C9C4CF-D1C6-4CB8-BDFE-668B18F1AF18}.Release|Any CPU.ActiveCfg = Release|Any CPU
		{66C9C4CF-D1C6-4CB8-BDFE-668B18F1AF18}.Release|Any CPU.Build.0 = Release|Any CPU
		{D1E27A92-D3A3-4E88-AD24-1A748640B8A5}.Debug|Any CPU.ActiveCfg = Debug|Any CPU
		{D1E27A92-D3A3-4E88-AD24-1A748640B8A5}.Debug|Any CPU.Build.0 = Debug|Any CPU
		{D1E27A92-D3A3-4E88-AD24-1A748640B8A5}.Release|Any CPU.ActiveCfg = Release|Any CPU
		{D1E27A92-D3A3-4E88-AD24-1A748640B8A5}.Release|Any CPU.Build.0 = Release|Any CPU
		{CE2A5F8F-C17A-43EE-AD58-2640BFC8A9D8}.Debug|Any CPU.ActiveCfg = Debug|Any CPU
		{CE2A5F8F-C17A-43EE-AD58-2640BFC8A9D8}.Debug|Any CPU.Build.0 = Debug|Any CPU
		{CE2A5F8F-C17A-43EE-AD58-2640BFC8A9D8}.Release|Any CPU.ActiveCfg = Release|Any CPU
		{CE2A5F8F-C17A-43EE-AD58-2640BFC8A9D8}.Release|Any CPU.Build.0 = Release|Any CPU
		{DCE2AD24-68B2-41B5-B76D-437D76DF52AB}.Debug|Any CPU.ActiveCfg = Debug|Any CPU
		{DCE2AD24-68B2-41B5-B76D-437D76DF52AB}.Debug|Any CPU.Build.0 = Debug|Any CPU
		{DCE2AD24-68B2-41B5-B76D-437D76DF52AB}.Release|Any CPU.ActiveCfg = Release|Any CPU
		{DCE2AD24-68B2-41B5-B76D-437D76DF52AB}.Release|Any CPU.Build.0 = Release|Any CPU
		{ECCF8698-7710-45BC-ABF6-26094143EC60}.Debug|Any CPU.ActiveCfg = Debug|Any CPU
		{ECCF8698-7710-45BC-ABF6-26094143EC60}.Debug|Any CPU.Build.0 = Debug|Any CPU
		{ECCF8698-7710-45BC-ABF6-26094143EC60}.Release|Any CPU.ActiveCfg = Release|Any CPU
		{ECCF8698-7710-45BC-ABF6-26094143EC60}.Release|Any CPU.Build.0 = Release|Any CPU
	EndGlobalSection
	GlobalSection(SolutionProperties) = preSolution
		HideSolutionNode = FALSE
	EndGlobalSection
	GlobalSection(NestedProjects) = preSolution
		{66C9C4CF-D1C6-4CB8-BDFE-668B18F1AF18} = {E93A9B3D-1847-4035-8F18-1B8C4A8A82E9}
		{D1E27A92-D3A3-4E88-AD24-1A748640B8A5} = {E93A9B3D-1847-4035-8F18-1B8C4A8A82E9}
		{CE2A5F8F-C17A-43EE-AD58-2640BFC8A9D8} = {94D8EBA2-71C6-4029-AA14-498C6ECEC5A8}
		{DCE2AD24-68B2-41B5-B76D-437D76DF52AB} = {E93A9B3D-1847-4035-8F18-1B8C4A8A82E9}
		{ECCF8698-7710-45BC-ABF6-26094143EC60} = {E93A9B3D-1847-4035-8F18-1B8C4A8A82E9}
	EndGlobalSection
	GlobalSection(ExtensibilityGlobals) = postSolution
		SolutionGuid = {144114A7-031A-4CC1-BAA4-B7172368BB33}
	EndGlobalSection
EndGlobal
